// !$*UTF8*$!
{
	archiveVersion = 1;
	classes = {
	};
	objectVersion = 48;
	objects = {

/* Begin PBXBuildFile section */
		C63990651FCD4DD200970143 /* KCLH264Decoder.m in Sources */ = {isa = PBXBuildFile; fileRef = C63990641FCD4DD200970143 /* KCLH264Decoder.m */; };
		C63990681FCD51A700970143 /* H264DecoderViewController.m in Sources */ = {isa = PBXBuildFile; fileRef = C63990671FCD51A700970143 /* H264DecoderViewController.m */; };
		C639906B1FCD52CC00970143 /* KCLH264DecoderBuffer.m in Sources */ = {isa = PBXBuildFile; fileRef = C639906A1FCD52CC00970143 /* KCLH264DecoderBuffer.m */; };
		C6B10F041FB97DDC002C3DF8 /* AppDelegate.m in Sources */ = {isa = PBXBuildFile; fileRef = C6B10F031FB97DDC002C3DF8 /* AppDelegate.m */; };
		C6B10F061FB97DDC002C3DF8 /* Assets.xcassets in Resources */ = {isa = PBXBuildFile; fileRef = C6B10F051FB97DDC002C3DF8 /* Assets.xcassets */; };
		C6B10F0C1FB97DDC002C3DF8 /* main.m in Sources */ = {isa = PBXBuildFile; fileRef = C6B10F0B1FB97DDC002C3DF8 /* main.m */; };
		C6B10F1E1FB9804B002C3DF8 /* KCLDataReader.m in Sources */ = {isa = PBXBuildFile; fileRef = C6B10F1B1FB9804B002C3DF8 /* KCLDataReader.m */; };
		C6B10F1F1FB9804B002C3DF8 /* KCLDataWriter.m in Sources */ = {isa = PBXBuildFile; fileRef = C6B10F1D1FB9804B002C3DF8 /* KCLDataWriter.m */; };
		C6B10F591FB9A3E1002C3DF8 /* Adobe_PDF_sample_a_1024x768_50Frms.264 in Resources */ = {isa = PBXBuildFile; fileRef = C6B10F2F1FB9A3DC002C3DF8 /* Adobe_PDF_sample_a_1024x768_50Frms.264 */; };
		C6B10F7D1FBA9C91002C3DF8 /* Zhling_1280x720.h264 in Resources */ = {isa = PBXBuildFile; fileRef = C6B10F7C1FBA9C91002C3DF8 /* Zhling_1280x720.h264 */; };
		C6D080C71FC672D700F1F308 /* capture.h264 in Resources */ = {isa = PBXBuildFile; fileRef = C6D080C61FC672D700F1F308 /* capture.h264 */; };
		C6D080CB1FC685F500F1F308 /* KCLFileManager.m in Sources */ = {isa = PBXBuildFile; fileRef = C6D080CA1FC685F400F1F308 /* KCLFileManager.m */; };
/* End PBXBuildFile section */

/* Begin PBXFileReference section */
		C63990631FCD4DD200970143 /* KCLH264Decoder.h */ = {isa = PBXFileReference; lastKnownFileType = sourcecode.c.h; path = KCLH264Decoder.h; sourceTree = "<group>"; };
		C63990641FCD4DD200970143 /* KCLH264Decoder.m */ = {isa = PBXFileReference; lastKnownFileType = sourcecode.c.objc; path = KCLH264Decoder.m; sourceTree = "<group>"; };
		C63990661FCD51A700970143 /* H264DecoderViewController.h */ = {isa = PBXFileReference; lastKnownFileType = sourcecode.c.h; path = H264DecoderViewController.h; sourceTree = "<group>"; };
		C63990671FCD51A700970143 /* H264DecoderViewController.m */ = {isa = PBXFileReference; lastKnownFileType = sourcecode.c.objc; path = H264DecoderViewController.m; sourceTree = "<group>"; };
		C63990691FCD52CC00970143 /* KCLH264DecoderBuffer.h */ = {isa = PBXFileReference; lastKnownFileType = sourcecode.c.h; path = KCLH264DecoderBuffer.h; sourceTree = "<group>"; };
		C639906A1FCD52CC00970143 /* KCLH264DecoderBuffer.m */ = {isa = PBXFileReference; lastKnownFileType = sourcecode.c.objc; path = KCLH264DecoderBuffer.m; sourceTree = "<group>"; };
		C6B10EFF1FB97DDC002C3DF8 /* H264Decoder.app */ = {isa = PBXFileReference; explicitFileType = wrapper.application; includeInIndex = 0; path = H264Decoder.app; sourceTree = BUILT_PRODUCTS_DIR; };
		C6B10F021FB97DDC002C3DF8 /* AppDelegate.h */ = {isa = PBXFileReference; lastKnownFileType = sourcecode.c.h; path = AppDelegate.h; sourceTree = "<group>"; };
		C6B10F031FB97DDC002C3DF8 /* AppDelegate.m */ = {isa = PBXFileReference; lastKnownFileType = sourcecode.c.objc; path = AppDelegate.m; sourceTree = "<group>"; };
		C6B10F051FB97DDC002C3DF8 /* Assets.xcassets */ = {isa = PBXFileReference; lastKnownFileType = folder.assetcatalog; path = Assets.xcassets; sourceTree = "<group>"; };
		C6B10F0A1FB97DDC002C3DF8 /* Info.plist */ = {isa = PBXFileReference; lastKnownFileType = text.plist.xml; path = Info.plist; sourceTree = "<group>"; };
		C6B10F0B1FB97DDC002C3DF8 /* main.m */ = {isa = PBXFileReference; lastKnownFileType = sourcecode.c.objc; path = main.m; sourceTree = "<group>"; };
		C6B10F1A1FB9804B002C3DF8 /* KCLDataReader.h */ = {isa = PBXFileReference; fileEncoding = 4; lastKnownFileType = sourcecode.c.h; path = KCLDataReader.h; sourceTree = "<group>"; };
		C6B10F1B1FB9804B002C3DF8 /* KCLDataReader.m */ = {isa = PBXFileReference; fileEncoding = 4; lastKnownFileType = sourcecode.c.objc; path = KCLDataReader.m; sourceTree = "<group>"; };
		C6B10F1C1FB9804B002C3DF8 /* KCLDataWriter.h */ = {isa = PBXFileReference; fileEncoding = 4; lastKnownFileType = sourcecode.c.h; path = KCLDataWriter.h; sourceTree = "<group>"; };
		C6B10F1D1FB9804B002C3DF8 /* KCLDataWriter.m */ = {isa = PBXFileReference; fileEncoding = 4; lastKnownFileType = sourcecode.c.objc; path = KCLDataWriter.m; sourceTree = "<group>"; };
		C6B10F2F1FB9A3DC002C3DF8 /* Adobe_PDF_sample_a_1024x768_50Frms.264 */ = {isa = PBXFileReference; lastKnownFileType = file; path = Adobe_PDF_sample_a_1024x768_50Frms.264; sourceTree = "<group>"; };
		C6B10F7C1FBA9C91002C3DF8 /* Zhling_1280x720.h264 */ = {isa = PBXFileReference; lastKnownFileType = file; path = Zhling_1280x720.h264; sourceTree = "<group>"; };
		C6D080C61FC672D700F1F308 /* capture.h264 */ = {isa = PBXFileReference; lastKnownFileType = file; path = capture.h264; sourceTree = "<group>"; };
		C6D080C91FC685F400F1F308 /* KCLFileManager.h */ = {isa = PBXFileReference; fileEncoding = 4; lastKnownFileType = sourcecode.c.h; path = KCLFileManager.h; sourceTree = "<group>"; };
		C6D080CA1FC685F400F1F308 /* KCLFileManager.m */ = {isa = PBXFileReference; fileEncoding = 4; lastKnownFileType = sourcecode.c.objc; path = KCLFileManager.m; sourceTree = "<group>"; };
/* End PBXFileReference section */

/* Begin PBXFrameworksBuildPhase section */
		C6B10EFC1FB97DDC002C3DF8 /* Frameworks */ = {
			isa = PBXFrameworksBuildPhase;
			buildActionMask = 2147483647;
			files = (
			);
			runOnlyForDeploymentPostprocessing = 0;
		};
/* End PBXFrameworksBuildPhase section */

/* Begin PBXGroup section */
		C6B10EF61FB97DDC002C3DF8 = {
			isa = PBXGroup;
			children = (
				C6B10F011FB97DDC002C3DF8 /* H264Decoder */,
				C6B10F001FB97DDC002C3DF8 /* Products */,
			);
			sourceTree = "<group>";
		};
		C6B10F001FB97DDC002C3DF8 /* Products */ = {
			isa = PBXGroup;
			children = (
				C6B10EFF1FB97DDC002C3DF8 /* H264Decoder.app */,
			);
			name = Products;
			sourceTree = "<group>";
		};
		C6B10F011FB97DDC002C3DF8 /* H264Decoder */ = {
			isa = PBXGroup;
			children = (
				C6D080C81FC685F400F1F308 /* KCLFileManager */,
				C6D080C61FC672D700F1F308 /* capture.h264 */,
				C6B10F2F1FB9A3DC002C3DF8 /* Adobe_PDF_sample_a_1024x768_50Frms.264 */,
				C6B10F7C1FBA9C91002C3DF8 /* Zhling_1280x720.h264 */,
				C6B10F191FB9804B002C3DF8 /* KCLDataReaderWriter */,
				C6B10F021FB97DDC002C3DF8 /* AppDelegate.h */,
				C6B10F031FB97DDC002C3DF8 /* AppDelegate.m */,
				C6B10F051FB97DDC002C3DF8 /* Assets.xcassets */,
				C6B10F0A1FB97DDC002C3DF8 /* Info.plist */,
				C6B10F0B1FB97DDC002C3DF8 /* main.m */,
				C63990631FCD4DD200970143 /* KCLH264Decoder.h */,
				C63990641FCD4DD200970143 /* KCLH264Decoder.m */,
				C63990691FCD52CC00970143 /* KCLH264DecoderBuffer.h */,
				C639906A1FCD52CC00970143 /* KCLH264DecoderBuffer.m */,
				C63990661FCD51A700970143 /* H264DecoderViewController.h */,
				C63990671FCD51A700970143 /* H264DecoderViewController.m */,
			);
			path = H264Decoder;
			sourceTree = "<group>";
		};
		C6B10F191FB9804B002C3DF8 /* KCLDataReaderWriter */ = {
			isa = PBXGroup;
			children = (
				C6B10F1A1FB9804B002C3DF8 /* KCLDataReader.h */,
				C6B10F1B1FB9804B002C3DF8 /* KCLDataReader.m */,
				C6B10F1C1FB9804B002C3DF8 /* KCLDataWriter.h */,
				C6B10F1D1FB9804B002C3DF8 /* KCLDataWriter.m */,
			);
			path = KCLDataReaderWriter;
			sourceTree = "<group>";
		};
		C6D080C81FC685F400F1F308 /* KCLFileManager */ = {
			isa = PBXGroup;
			children = (
				C6D080C91FC685F400F1F308 /* KCLFileManager.h */,
				C6D080CA1FC685F400F1F308 /* KCLFileManager.m */,
			);
			path = KCLFileManager;
			sourceTree = "<group>";
		};
/* End PBXGroup section */

/* Begin PBXNativeTarget section */
		C6B10EFE1FB97DDC002C3DF8 /* H264Decoder */ = {
			isa = PBXNativeTarget;
			buildConfigurationList = C6B10F0F1FB97DDC002C3DF8 /* Build configuration list for PBXNativeTarget "H264Decoder" */;
			buildPhases = (
				C6B10EFB1FB97DDC002C3DF8 /* Sources */,
				C6B10EFC1FB97DDC002C3DF8 /* Frameworks */,
				C6B10EFD1FB97DDC002C3DF8 /* Resources */,
			);
			buildRules = (
			);
			dependencies = (
			);
			name = H264Decoder;
			productName = H264Decoder;
			productReference = C6B10EFF1FB97DDC002C3DF8 /* H264Decoder.app */;
			productType = "com.apple.product-type.application";
		};
/* End PBXNativeTarget section */

/* Begin PBXProject section */
		C6B10EF71FB97DDC002C3DF8 /* Project object */ = {
			isa = PBXProject;
			attributes = {
				LastUpgradeCheck = 0910;
				ORGANIZATIONNAME = Chentao;
				TargetAttributes = {
					C6B10EFE1FB97DDC002C3DF8 = {
						CreatedOnToolsVersion = 9.1;
						ProvisioningStyle = Automatic;
					};
				};
			};
			buildConfigurationList = C6B10EFA1FB97DDC002C3DF8 /* Build configuration list for PBXProject "H264Decoder" */;
			compatibilityVersion = "Xcode 8.0";
			developmentRegion = en;
			hasScannedForEncodings = 0;
			knownRegions = (
				en,
				Base,
			);
			mainGroup = C6B10EF61FB97DDC002C3DF8;
			productRefGroup = C6B10F001FB97DDC002C3DF8 /* Products */;
			projectDirPath = "";
			projectRoot = "";
			targets = (
				C6B10EFE1FB97DDC002C3DF8 /* H264Decoder */,
			);
		};
/* End PBXProject section */

/* Begin PBXResourcesBuildPhase section */
		C6B10EFD1FB97DDC002C3DF8 /* Resources */ = {
			isa = PBXResourcesBuildPhase;
			buildActionMask = 2147483647;
			files = (
				C6B10F591FB9A3E1002C3DF8 /* Adobe_PDF_sample_a_1024x768_50Frms.264 in Resources */,
				C6D080C71FC672D700F1F308 /* capture.h264 in Resources */,
				C6B10F7D1FBA9C91002C3DF8 /* Zhling_1280x720.h264 in Resources */,
				C6B10F061FB97DDC002C3DF8 /* Assets.xcassets in Resources */,
			);
			runOnlyForDeploymentPostprocessing = 0;
		};
/* End PBXResourcesBuildPhase section */

/* Begin PBXSourcesBuildPhase section */
		C6B10EFB1FB97DDC002C3DF8 /* Sources */ = {
			isa = PBXSourcesBuildPhase;
			buildActionMask = 2147483647;
			files = (
				C63990681FCD51A700970143 /* H264DecoderViewController.m in Sources */,
				C6B10F0C1FB97DDC002C3DF8 /* main.m in Sources */,
				C6B10F1E1FB9804B002C3DF8 /* KCLDataReader.m in Sources */,
				C6B10F1F1FB9804B002C3DF8 /* KCLDataWriter.m in Sources */,
				C6D080CB1FC685F500F1F308 /* KCLFileManager.m in Sources */,
				C639906B1FCD52CC00970143 /* KCLH264DecoderBuffer.m in Sources */,
				C6B10F041FB97DDC002C3DF8 /* AppDelegate.m in Sources */,
				C63990651FCD4DD200970143 /* KCLH264Decoder.m in Sources */,
			);
			runOnlyForDeploymentPostprocessing = 0;
		};
/* End PBXSourcesBuildPhase section */

/* Begin XCBuildConfiguration section */
		C6B10F0D1FB97DDC002C3DF8 /* Debug */ = {
			isa = XCBuildConfiguration;
			buildSettings = {
				ALWAYS_SEARCH_USER_PATHS = NO;
				CLANG_ANALYZER_NONNULL = YES;
				CLANG_ANALYZER_NUMBER_OBJECT_CONVERSION = YES_AGGRESSIVE;
				CLANG_CXX_LANGUAGE_STANDARD = "gnu++14";
				CLANG_CXX_LIBRARY = "libc++";
				CLANG_ENABLE_MODULES = YES;
				CLANG_ENABLE_OBJC_ARC = YES;
				CLANG_WARN_BLOCK_CAPTURE_AUTORELEASING = YES;
				CLANG_WARN_BOOL_CONVERSION = YES;
				CLANG_WARN_COMMA = YES;
				CLANG_WARN_CONSTANT_CONVERSION = YES;
				CLANG_WARN_DIRECT_OBJC_ISA_USAGE = YES_ERROR;
				CLANG_WARN_DOCUMENTATION_COMMENTS = YES;
				CLANG_WARN_EMPTY_BODY = YES;
				CLANG_WARN_ENUM_CONVERSION = YES;
				CLANG_WARN_INFINITE_RECURSION = YES;
				CLANG_WARN_INT_CONVERSION = YES;
				CLANG_WARN_NON_LITERAL_NULL_CONVERSION = YES;
				CLANG_WARN_OBJC_LITERAL_CONVERSION = YES;
				CLANG_WARN_OBJC_ROOT_CLASS = YES_ERROR;
				CLANG_WARN_RANGE_LOOP_ANALYSIS = YES;
				CLANG_WARN_STRICT_PROTOTYPES = YES;
				CLANG_WARN_SUSPICIOUS_MOVE = YES;
				CLANG_WARN_UNGUARDED_AVAILABILITY = YES_AGGRESSIVE;
				CLANG_WARN_UNREACHABLE_CODE = YES;
				CLANG_WARN__DUPLICATE_METHOD_MATCH = YES;
				CODE_SIGN_IDENTITY = "iPhone Developer";
				COPY_PHASE_STRIP = NO;
				DEBUG_INFORMATION_FORMAT = dwarf;
				ENABLE_STRICT_OBJC_MSGSEND = YES;
				ENABLE_TESTABILITY = YES;
				GCC_C_LANGUAGE_STANDARD = gnu11;
				GCC_DYNAMIC_NO_PIC = NO;
				GCC_NO_COMMON_BLOCKS = YES;
				GCC_OPTIMIZATION_LEVEL = 0;
				GCC_PREPROCESSOR_DEFINITIONS = (
					"DEBUG=1",
					"$(inherited)",
				);
				GCC_WARN_64_TO_32_BIT_CONVERSION = YES;
				GCC_WARN_ABOUT_RETURN_TYPE = YES_ERROR;
				GCC_WARN_UNDECLARED_SELECTOR = YES;
				GCC_WARN_UNINITIALIZED_AUTOS = YES_AGGRESSIVE;
				GCC_WARN_UNUSED_FUNCTION = YES;
				GCC_WARN_UNUSED_VARIABLE = YES;
				IPHONEOS_DEPLOYMENT_TARGET = 8.0;
				MTL_ENABLE_DEBUG_INFO = YES;
				ONLY_ACTIVE_ARCH = YES;
				SDKROOT = iphoneos;
			};
			name = Debug;
		};
		C6B10F0E1FB97DDC002C3DF8 /* Release */ = {
			isa = XCBuildConfiguration;
			buildSettings = {
				ALWAYS_SEARCH_USER_PATHS = NO;
				CLANG_ANALYZER_NONNULL = YES;
				CLANG_ANALYZER_NUMBER_OBJECT_CONVERSION = YES_AGGRESSIVE;
				CLANG_CXX_LANGUAGE_STANDARD = "gnu++14";
				CLANG_CXX_LIBRARY = "libc++";
				CLANG_ENABLE_MODULES = YES;
				CLANG_ENABLE_OBJC_ARC = YES;
				CLANG_WARN_BLOCK_CAPTURE_AUTORELEASING = YES;
				CLANG_WARN_BOOL_CONVERSION = YES;
				CLANG_WARN_COMMA = YES;
				CLANG_WARN_CONSTANT_CONVERSION = YES;
				CLANG_WARN_DIRECT_OBJC_ISA_USAGE = YES_ERROR;
				CLANG_WARN_DOCUMENTATION_COMMENTS = YES;
				CLANG_WARN_EMPTY_BODY = YES;
				CLANG_WARN_ENUM_CONVERSION = YES;
				CLANG_WARN_INFINITE_RECURSION = YES;
				CLANG_WARN_INT_CONVERSION = YES;
				CLANG_WARN_NON_LITERAL_NULL_CONVERSION = YES;
				CLANG_WARN_OBJC_LITERAL_CONVERSION = YES;
				CLANG_WARN_OBJC_ROOT_CLASS = YES_ERROR;
				CLANG_WARN_RANGE_LOOP_ANALYSIS = YES;
				CLANG_WARN_STRICT_PROTOTYPES = YES;
				CLANG_WARN_SUSPICIOUS_MOVE = YES;
				CLANG_WARN_UNGUARDED_AVAILABILITY = YES_AGGRESSIVE;
				CLANG_WARN_UNREACHABLE_CODE = YES;
				CLANG_WARN__DUPLICATE_METHOD_MATCH = YES;
				CODE_SIGN_IDENTITY = "iPhone Developer";
				COPY_PHASE_STRIP = NO;
				DEBUG_INFORMATION_FORMAT = "dwarf-with-dsym";
				ENABLE_NS_ASSERTIONS = NO;
				ENABLE_STRICT_OBJC_MSGSEND = YES;
				GCC_C_LANGUAGE_STANDARD = gnu11;
				GCC_NO_COMMON_BLOCKS = YES;
				GCC_WARN_64_TO_32_BIT_CONVERSION = YES;
				GCC_WARN_ABOUT_RETURN_TYPE = YES_ERROR;
				GCC_WARN_UNDECLARED_SELECTOR = YES;
				GCC_WARN_UNINITIALIZED_AUTOS = YES_AGGRESSIVE;
				GCC_WARN_UNUSED_FUNCTION = YES;
				GCC_WARN_UNUSED_VARIABLE = YES;
				IPHONEOS_DEPLOYMENT_TARGET = 8.0;
				MTL_ENABLE_DEBUG_INFO = NO;
				SDKROOT = iphoneos;
				VALIDATE_PRODUCT = YES;
			};
			name = Release;
		};
		C6B10F101FB97DDC002C3DF8 /* Debug */ = {
			isa = XCBuildConfiguration;
			buildSettings = {
				ASSETCATALOG_COMPILER_APPICON_NAME = AppIcon;
				CODE_SIGN_STYLE = Automatic;
				DEVELOPMENT_TEAM = 3NV79J62JR;
				INFOPLIST_FILE = H264Decoder/Info.plist;
				LD_RUNPATH_SEARCH_PATHS = "$(inherited) @executable_path/Frameworks";
				PRODUCT_BUNDLE_IDENTIFIER = com.kaochong.H264Decoder;
				PRODUCT_NAME = "$(TARGET_NAME)";
				TARGETED_DEVICE_FAMILY = "1,2";
			};
			name = Debug;
		};
		C6B10F111FB97DDC002C3DF8 /* Release */ = {
			isa = XCBuildConfiguration;
			buildSettings = {
				ASSETCATALOG_COMPILER_APPICON_NAME = AppIcon;
				CODE_SIGN_STYLE = Automatic;
				DEVELOPMENT_TEAM = 3NV79J62JR;
				INFOPLIST_FILE = H264Decoder/Info.plist;
				LD_RUNPATH_SEARCH_PATHS = "$(inherited) @executable_path/Frameworks";
				PRODUCT_BUNDLE_IDENTIFIER = com.kaochong.H264Decoder;
				PRODUCT_NAME = "$(TARGET_NAME)";
				TARGETED_DEVICE_FAMILY = "1,2";
			};
			name = Release;
		};
/* End XCBuildConfiguration section */

/* Begin XCConfigurationList section */
		C6B10EFA1FB97DDC002C3DF8 /* Build configuration list for PBXProject "H264Decoder" */ = {
			isa = XCConfigurationList;
			buildConfigurations = (
				C6B10F0D1FB97DDC002C3DF8 /* Debug */,
				C6B10F0E1FB97DDC002C3DF8 /* Release */,
			);
			defaultConfigurationIsVisible = 0;
			defaultConfigurationName = Release;
		};
		C6B10F0F1FB97DDC002C3DF8 /* Build configuration list for PBXNativeTarget "H264Decoder" */ = {
			isa = XCConfigurationList;
			buildConfigurations = (
				C6B10F101FB97DDC002C3DF8 /* Debug */,
				C6B10F111FB97DDC002C3DF8 /* Release */,
			);
			defaultConfigurationIsVisible = 0;
			defaultConfigurationName = Release;
		};
/* End XCConfigurationList section */
	};
	rootObject = C6B10EF71FB97DDC002C3DF8 /* Project object */;
}
